// !$*UTF8*$!
{
	archiveVersion = 1;
	classes = {
	};
	objectVersion = 50;
	objects = {

/* Begin PBXBuildFile section */
		587B307E241662E10005C23B /* AppDelegate.swift in Sources */ = {isa = PBXBuildFile; fileRef = 587B307D241662E10005C23B /* AppDelegate.swift */; };
		587B3080241662E10005C23B /* SceneDelegate.swift in Sources */ = {isa = PBXBuildFile; fileRef = 587B307F241662E10005C23B /* SceneDelegate.swift */; };
		587B3082241662E10005C23B /* ViewController.swift in Sources */ = {isa = PBXBuildFile; fileRef = 587B3081241662E10005C23B /* ViewController.swift */; };
		587B3085241662E10005C23B /* Main.storyboard in Resources */ = {isa = PBXBuildFile; fileRef = 587B3083241662E10005C23B /* Main.storyboard */; };
		587B3087241662E30005C23B /* Assets.xcassets in Resources */ = {isa = PBXBuildFile; fileRef = 587B3086241662E30005C23B /* Assets.xcassets */; };
		587B308A241662E30005C23B /* LaunchScreen.storyboard in Resources */ = {isa = PBXBuildFile; fileRef = 587B3088241662E30005C23B /* LaunchScreen.storyboard */; };
		587B309224166A400005C23B /* ColorConstants.swift in Sources */ = {isa = PBXBuildFile; fileRef = 587B309124166A400005C23B /* ColorConstants.swift */; };
		587B309424166D850005C23B /* UIButtons+Extension.swift in Sources */ = {isa = PBXBuildFile; fileRef = 587B309324166D850005C23B /* UIButtons+Extension.swift */; };
		587B309624167A040005C23B /* UITextfield+Extension.swift in Sources */ = {isa = PBXBuildFile; fileRef = 587B309524167A040005C23B /* UITextfield+Extension.swift */; };
		587B309824167BB60005C23B /* UIView+Extension.swift in Sources */ = {isa = PBXBuildFile; fileRef = 587B309724167BB60005C23B /* UIView+Extension.swift */; };
/* End PBXBuildFile section */

/* Begin PBXFileReference section */
		587B307A241662E10005C23B /* DemoAppCoreAnimation.app */ = {isa = PBXFileReference; explicitFileType = wrapper.application; includeInIndex = 0; path = DemoAppCoreAnimation.app; sourceTree = BUILT_PRODUCTS_DIR; };
		587B307D241662E10005C23B /* AppDelegate.swift */ = {isa = PBXFileReference; lastKnownFileType = sourcecode.swift; path = AppDelegate.swift; sourceTree = "<group>"; };
		587B307F241662E10005C23B /* SceneDelegate.swift */ = {isa = PBXFileReference; lastKnownFileType = sourcecode.swift; path = SceneDelegate.swift; sourceTree = "<group>"; };
		587B3081241662E10005C23B /* ViewController.swift */ = {isa = PBXFileReference; lastKnownFileType = sourcecode.swift; path = ViewController.swift; sourceTree = "<group>"; };
		587B3084241662E10005C23B /* Base */ = {isa = PBXFileReference; lastKnownFileType = file.storyboard; name = Base; path = Base.lproj/Main.storyboard; sourceTree = "<group>"; };
		587B3086241662E30005C23B /* Assets.xcassets */ = {isa = PBXFileReference; lastKnownFileType = folder.assetcatalog; path = Assets.xcassets; sourceTree = "<group>"; };
		587B3089241662E30005C23B /* Base */ = {isa = PBXFileReference; lastKnownFileType = file.storyboard; name = Base; path = Base.lproj/LaunchScreen.storyboard; sourceTree = "<group>"; };
		587B308B241662E30005C23B /* Info.plist */ = {isa = PBXFileReference; lastKnownFileType = text.plist.xml; path = Info.plist; sourceTree = "<group>"; };
		587B309124166A400005C23B /* ColorConstants.swift */ = {isa = PBXFileReference; lastKnownFileType = sourcecode.swift; path = ColorConstants.swift; sourceTree = "<group>"; };
		587B309324166D850005C23B /* UIButtons+Extension.swift */ = {isa = PBXFileReference; lastKnownFileType = sourcecode.swift; path = "UIButtons+Extension.swift"; sourceTree = "<group>"; };
		587B309524167A040005C23B /* UITextfield+Extension.swift */ = {isa = PBXFileReference; lastKnownFileType = sourcecode.swift; path = "UITextfield+Extension.swift"; sourceTree = "<group>"; };
		587B309724167BB60005C23B /* UIView+Extension.swift */ = {isa = PBXFileReference; lastKnownFileType = sourcecode.swift; path = "UIView+Extension.swift"; sourceTree = "<group>"; };
/* End PBXFileReference section */

/* Begin PBXFrameworksBuildPhase section */
		587B3077241662E10005C23B /* Frameworks */ = {
			isa = PBXFrameworksBuildPhase;
			buildActionMask = 2147483647;
			files = (
			);
			runOnlyForDeploymentPostprocessing = 0;
		};
/* End PBXFrameworksBuildPhase section */

/* Begin PBXGroup section */
		587B3071241662E10005C23B = {
			isa = PBXGroup;
			children = (
				587B307C241662E10005C23B /* DemoAppCoreAnimation */,
				587B307B241662E10005C23B /* Products */,
			);
			sourceTree = "<group>";
		};
		587B307B241662E10005C23B /* Products */ = {
			isa = PBXGroup;
			children = (
				587B307A241662E10005C23B /* DemoAppCoreAnimation.app */,
			);
			name = Products;
			sourceTree = "<group>";
		};
		587B307C241662E10005C23B /* DemoAppCoreAnimation */ = {
			isa = PBXGroup;
			children = (
				587B307D241662E10005C23B /* AppDelegate.swift */,
				587B307F241662E10005C23B /* SceneDelegate.swift */,
				587B3081241662E10005C23B /* ViewController.swift */,
				587B309724167BB60005C23B /* UIView+Extension.swift */,
				587B309124166A400005C23B /* ColorConstants.swift */,
				587B309324166D850005C23B /* UIButtons+Extension.swift */,
				587B309524167A040005C23B /* UITextfield+Extension.swift */,
				587B3083241662E10005C23B /* Main.storyboard */,
				587B3086241662E30005C23B /* Assets.xcassets */,
				587B3088241662E30005C23B /* LaunchScreen.storyboard */,
				587B308B241662E30005C23B /* Info.plist */,
			);
			path = DemoAppCoreAnimation;
			sourceTree = "<group>";
		};
/* End PBXGroup section */

/* Begin PBXNativeTarget section */
		587B3079241662E10005C23B /* DemoAppCoreAnimation */ = {
			isa = PBXNativeTarget;
			buildConfigurationList = 587B308E241662E30005C23B /* Build configuration list for PBXNativeTarget "DemoAppCoreAnimation" */;
			buildPhases = (
				587B3076241662E10005C23B /* Sources */,
				587B3077241662E10005C23B /* Frameworks */,
				587B3078241662E10005C23B /* Resources */,
			);
			buildRules = (
			);
			dependencies = (
			);
			name = DemoAppCoreAnimation;
			productName = DemoAppCoreAnimation;
			productReference = 587B307A241662E10005C23B /* DemoAppCoreAnimation.app */;
			productType = "com.apple.product-type.application";
		};
/* End PBXNativeTarget section */

/* Begin PBXProject section */
		587B3072241662E10005C23B /* Project object */ = {
			isa = PBXProject;
			attributes = {
				LastSwiftUpdateCheck = 1130;
				LastUpgradeCheck = 1130;
				ORGANIZATIONNAME = "Eugene Vasilyev";
				TargetAttributes = {
					587B3079241662E10005C23B = {
						CreatedOnToolsVersion = 11.3.1;
					};
				};
			};
			buildConfigurationList = 587B3075241662E10005C23B /* Build configuration list for PBXProject "DemoAppCoreAnimation" */;
			compatibilityVersion = "Xcode 9.3";
			developmentRegion = en;
			hasScannedForEncodings = 0;
			knownRegions = (
				en,
				Base,
			);
			mainGroup = 587B3071241662E10005C23B;
			productRefGroup = 587B307B241662E10005C23B /* Products */;
			projectDirPath = "";
			projectRoot = "";
			targets = (
				587B3079241662E10005C23B /* DemoAppCoreAnimation */,
			);
		};
/* End PBXProject section */

/* Begin PBXResourcesBuildPhase section */
		587B3078241662E10005C23B /* Resources */ = {
			isa = PBXResourcesBuildPhase;
			buildActionMask = 2147483647;
			files = (
				587B308A241662E30005C23B /* LaunchScreen.storyboard in Resources */,
				587B3087241662E30005C23B /* Assets.xcassets in Resources */,
				587B3085241662E10005C23B /* Main.storyboard in Resources */,
			);
			runOnlyForDeploymentPostprocessing = 0;
		};
/* End PBXResourcesBuildPhase section */

/* Begin PBXSourcesBuildPhase section */
		587B3076241662E10005C23B /* Sources */ = {
			isa = PBXSourcesBuildPhase;
			buildActionMask = 2147483647;
			files = (
				587B3082241662E10005C23B /* ViewController.swift in Sources */,
				587B309824167BB60005C23B /* UIView+Extension.swift in Sources */,
				587B307E241662E10005C23B /* AppDelegate.swift in Sources */,
				587B309424166D850005C23B /* UIButtons+Extension.swift in Sources */,
				587B309624167A040005C23B /* UITextfield+Extension.swift in Sources */,
				587B3080241662E10005C23B /* SceneDelegate.swift in Sources */,
				587B309224166A400005C23B /* ColorConstants.swift in Sources */,
			);
			runOnlyForDeploymentPostprocessing = 0;
		};
/* End PBXSourcesBuildPhase section */

/* Begin PBXVariantGroup section */
		587B3083241662E10005C23B /* Main.storyboard */ = {
			isa = PBXVariantGroup;
			children = (
				587B3084241662E10005C23B /* Base */,
			);
			name = Main.storyboard;
			sourceTree = "<group>";
		};
		587B3088241662E30005C23B /* LaunchScreen.storyboard */ = {
			isa = PBXVariantGroup;
			children = (
				587B3089241662E30005C23B /* Base */,
			);
			name = LaunchScreen.storyboard;
			sourceTree = "<group>";
		};
/* End PBXVariantGroup section */

/* Begin XCBuildConfiguration section */
		587B308C241662E30005C23B /* Debug */ = {
			isa = XCBuildConfiguration;
			buildSettings = {
				ALWAYS_SEARCH_USER_PATHS = NO;
				CLANG_ANALYZER_NONNULL = YES;
				CLANG_ANALYZER_NUMBER_OBJECT_CONVERSION = YES_AGGRESSIVE;
				CLANG_CXX_LANGUAGE_STANDARD = "gnu++14";
				CLANG_CXX_LIBRARY = "libc++";
				CLANG_ENABLE_MODULES = YES;
				CLANG_ENABLE_OBJC_ARC = YES;
				CLANG_ENABLE_OBJC_WEAK = YES;
				CLANG_WARN_BLOCK_CAPTURE_AUTORELEASING = YES;
				CLANG_WARN_BOOL_CONVERSION = YES;
				CLANG_WARN_COMMA = YES;
				CLANG_WARN_CONSTANT_CONVERSION = YES;
				CLANG_WARN_DEPRECATED_OBJC_IMPLEMENTATIONS = YES;
				CLANG_WARN_DIRECT_OBJC_ISA_USAGE = YES_ERROR;
				CLANG_WARN_DOCUMENTATION_COMMENTS = YES;
				CLANG_WARN_EMPTY_BODY = YES;
				CLANG_WARN_ENUM_CONVERSION = YES;
				CLANG_WARN_INFINITE_RECURSION = YES;
				CLANG_WARN_INT_CONVERSION = YES;
				CLANG_WARN_NON_LITERAL_NULL_CONVERSION = YES;
				CLANG_WARN_OBJC_IMPLICIT_RETAIN_SELF = YES;
				CLANG_WARN_OBJC_LITERAL_CONVERSION = YES;
				CLANG_WARN_OBJC_ROOT_CLASS = YES_ERROR;
				CLANG_WARN_RANGE_LOOP_ANALYSIS = YES;
				CLANG_WARN_STRICT_PROTOTYPES = YES;
				CLANG_WARN_SUSPICIOUS_MOVE = YES;
				CLANG_WARN_UNGUARDED_AVAILABILITY = YES_AGGRESSIVE;
				CLANG_WARN_UNREACHABLE_CODE = YES;
				CLANG_WARN__DUPLICATE_METHOD_MATCH = YES;
				COPY_PHASE_STRIP = NO;
				DEBUG_INFORMATION_FORMAT = dwarf;
				ENABLE_STRICT_OBJC_MSGSEND = YES;
				ENABLE_TESTABILITY = YES;
				GCC_C_LANGUAGE_STANDARD = gnu11;
				GCC_DYNAMIC_NO_PIC = NO;
				GCC_NO_COMMON_BLOCKS = YES;
				GCC_OPTIMIZATION_LEVEL = 0;
				GCC_PREPROCESSOR_DEFINITIONS = (
					"DEBUG=1",
					"$(inherited)",
				);
				GCC_WARN_64_TO_32_BIT_CONVERSION = YES;
				GCC_WARN_ABOUT_RETURN_TYPE = YES_ERROR;
				GCC_WARN_UNDECLARED_SELECTOR = YES;
				GCC_WARN_UNINITIALIZED_AUTOS = YES_AGGRESSIVE;
				GCC_WARN_UNUSED_FUNCTION = YES;
				GCC_WARN_UNUSED_VARIABLE = YES;
				IPHONEOS_DEPLOYMENT_TARGET = 13.2;
				MTL_ENABLE_DEBUG_INFO = INCLUDE_SOURCE;
				MTL_FAST_MATH = YES;
				ONLY_ACTIVE_ARCH = YES;
				SDKROOT = iphoneos;
				SWIFT_ACTIVE_COMPILATION_CONDITIONS = DEBUG;
				SWIFT_OPTIMIZATION_LEVEL = "-Onone";
			};
			name = Debug;
		};
		587B308D241662E30005C23B /* Release */ = {
			isa = XCBuildConfiguration;
			buildSettings = {
				ALWAYS_SEARCH_USER_PATHS = NO;
				CLANG_ANALYZER_NONNULL = YES;
				CLANG_ANALYZER_NUMBER_OBJECT_CONVERSION = YES_AGGRESSIVE;
				CLANG_CXX_LANGUAGE_STANDARD = "gnu++14";
				CLANG_CXX_LIBRARY = "libc++";
				CLANG_ENABLE_MODULES = YES;
				CLANG_ENABLE_OBJC_ARC = YES;
				CLANG_ENABLE_OBJC_WEAK = YES;
				CLANG_WARN_BLOCK_CAPTURE_AUTORELEASING = YES;
				CLANG_WARN_BOOL_CONVERSION = YES;
				CLANG_WARN_COMMA = YES;
				CLANG_WARN_CONSTANT_CONVERSION = YES;
				CLANG_WARN_DEPRECATED_OBJC_IMPLEMENTATIONS = YES;
				CLANG_WARN_DIRECT_OBJC_ISA_USAGE = YES_ERROR;
				CLANG_WARN_DOCUMENTATION_COMMENTS = YES;
				CLANG_WARN_EMPTY_BODY = YES;
				CLANG_WARN_ENUM_CONVERSION = YES;
				CLANG_WARN_INFINITE_RECURSION = YES;
				CLANG_WARN_INT_CONVERSION = YES;
				CLANG_WARN_NON_LITERAL_NULL_CONVERSION = YES;
				CLANG_WARN_OBJC_IMPLICIT_RETAIN_SELF = YES;
				CLANG_WARN_OBJC_LITERAL_CONVERSION = YES;
				CLANG_WARN_OBJC_ROOT_CLASS = YES_ERROR;
				CLANG_WARN_RANGE_LOOP_ANALYSIS = YES;
				CLANG_WARN_STRICT_PROTOTYPES = YES;
				CLANG_WARN_SUSPICIOUS_MOVE = YES;
				CLANG_WARN_UNGUARDED_AVAILABILITY = YES_AGGRESSIVE;
				CLANG_WARN_UNREACHABLE_CODE = YES;
				CLANG_WARN__DUPLICATE_METHOD_MATCH = YES;
				COPY_PHASE_STRIP = NO;
				DEBUG_INFORMATION_FORMAT = "dwarf-with-dsym";
				ENABLE_NS_ASSERTIONS = NO;
				ENABLE_STRICT_OBJC_MSGSEND = YES;
				GCC_C_LANGUAGE_STANDARD = gnu11;
				GCC_NO_COMMON_BLOCKS = YES;
				GCC_WARN_64_TO_32_BIT_CONVERSION = YES;
				GCC_WARN_ABOUT_RETURN_TYPE = YES_ERROR;
				GCC_WARN_UNDECLARED_SELECTOR = YES;
				GCC_WARN_UNINITIALIZED_AUTOS = YES_AGGRESSIVE;
				GCC_WARN_UNUSED_FUNCTION = YES;
				GCC_WARN_UNUSED_VARIABLE = YES;
				IPHONEOS_DEPLOYMENT_TARGET = 13.2;
				MTL_ENABLE_DEBUG_INFO = NO;
				MTL_FAST_MATH = YES;
				SDKROOT = iphoneos;
				SWIFT_COMPILATION_MODE = wholemodule;
				SWIFT_OPTIMIZATION_LEVEL = "-O";
				VALIDATE_PRODUCT = YES;
			};
			name = Release;
		};
		587B308F241662E30005C23B /* Debug */ = {
			isa = XCBuildConfiguration;
			buildSettings = {
				ASSETCATALOG_COMPILER_APPICON_NAME = AppIcon;
				CODE_SIGN_STYLE = Automatic;
				DEVELOPMENT_TEAM = 9UN5X22S53;
				INFOPLIST_FILE = DemoAppCoreAnimation/Info.plist;
				IPHONEOS_DEPLOYMENT_TARGET = 13.0;
				LD_RUNPATH_SEARCH_PATHS = (
					"$(inherited)",
					"@executable_path/Frameworks",
				);
				PRODUCT_BUNDLE_IDENTIFIER = "com.eugene.vas25-gmail.com.DemoAppCoreAnimation";
				PRODUCT_NAME = "$(TARGET_NAME)";
				SWIFT_VERSION = 5.0;
				TARGETED_DEVICE_FAMILY = 1;
			};
			name = Debug;
		};
		587B3090241662E30005C23B /* Release */ = {
			isa = XCBuildConfiguration;
			buildSettings = {
				ASSETCATALOG_COMPILER_APPICON_NAME = AppIcon;
				CODE_SIGN_STYLE = Automatic;
				DEVELOPMENT_TEAM = 9UN5X22S53;
				INFOPLIST_FILE = DemoAppCoreAnimation/Info.plist;
				IPHONEOS_DEPLOYMENT_TARGET = 13.0;
				LD_RUNPATH_SEARCH_PATHS = (
					"$(inherited)",
					"@executable_path/Frameworks",
				);
				PRODUCT_BUNDLE_IDENTIFIER = "com.eugene.vas25-gmail.com.DemoAppCoreAnimation";
				PRODUCT_NAME = "$(TARGET_NAME)";
				SWIFT_VERSION = 5.0;
				TARGETED_DEVICE_FAMILY = 1;
			};
			name = Release;
		};
/* End XCBuildConfiguration section */

/* Begin XCConfigurationList section */
		587B3075241662E10005C23B /* Build configuration list for PBXProject "DemoAppCoreAnimation" */ = {
			isa = XCConfigurationList;
			buildConfigurations = (
				587B308C241662E30005C23B /* Debug */,
				587B308D241662E30005C23B /* Release */,
			);
			defaultConfigurationIsVisible = 0;
			defaultConfigurationName = Release;
		};
		587B308E241662E30005C23B /* Build configuration list for PBXNativeTarget "DemoAppCoreAnimation" */ = {
			isa = XCConfigurationList;
			buildConfigurations = (
				587B308F241662E30005C23B /* Debug */,
				587B3090241662E30005C23B /* Release */,
			);
			defaultConfigurationIsVisible = 0;
			defaultConfigurationName = Release;
		};
/* End XCConfigurationList section */
	};
	rootObject = 587B3072241662E10005C23B /* Project object */;
}
